{
  "nodes": {
    "home-manager": {
      "inputs": {
        "nixpkgs": [
          "nixpkgs"
        ]
      },
      "locked": {
        "lastModified": 1665996265,
        "narHash": "sha256-/k9og6LDBQwT+f/tJ5ClcWiUl8kCX5m6ognhsAxOiCY=",
        "owner": "nix-community",
        "repo": "home-manager",
        "rev": "b81e128fc053ab3159d7b464d9b7dedc9d6a6891",
        "type": "github"
      },
      "original": {
        "owner": "nix-community",
        "ref": "release-22.05",
        "repo": "home-manager",
        "type": "github"
      }
    },
    "nixpkgs": {
      "locked": {
        "lastModified": 1666940097,
        "narHash": "sha256-spcDvKqQU9iSMAjh5uj9gfu8Gu7vIFFkOKH2CCWvOVY=",
        "owner": "nixos",
        "repo": "nixpkgs",
        "rev": "7269939a5d5610f2eec933607dc4d646394b29b8",
        "type": "github"
      },
      "original": {
        "owner": "nixos",
        "ref": "nixos-22.05",
        "repo": "nixpkgs",
        "type": "github"
      }
    },
    "nur": {
      "locked": {
        "lastModified": 1667025500,
        "narHash": "sha256-88akaieCIrqta3Uyha7Zv3FJWzKJebb2BrOdZba1zdI=",
        "owner": "nix-community",
        "repo": "NUR",
        "rev": "21dd192519af12a01f1348bbfa86cde47f7aa392",
        "type": "github"
      },
      "original": {
        "owner": "nix-community",
        "repo": "NUR",
        "type": "github"
      }
    },
    "root": {
      "inputs": {
        "home-manager": "home-manager",
        "nixpkgs": "nixpkgs",
        "nur": "nur"
      }
    }
  },
  "root": "root",
  "version": 7
}
